<?xml version="1.0" encoding="utf-8"?>
<Project ToolsVersion="4.0" xmlns="http://schemas.microsoft.com/developer/msbuild/2003">
  <ItemGroup>
    <Filter Include="Исходные файлы">
      <UniqueIdentifier>{4FC737F1-C7A5-4376-A066-2A32D752A2FF}</UniqueIdentifier>
      <Extensions>cpp;c;cc;cxx;c++;cppm;ixx;def;odl;idl;hpj;bat;asm;asmx</Extensions>
    </Filter>
    <Filter Include="Файлы заголовков">
      <UniqueIdentifier>{93995380-89BD-4b04-88EB-625FBE52EBFB}</UniqueIdentifier>
      <Extensions>h;hh;hpp;hxx;h++;hm;inl;inc;ipp;xsd</Extensions>
    </Filter>
    <Filter Include="Файлы ресурсов">
      <UniqueIdentifier>{67DA6AB6-F800-4c08-8B7A-83BB121AAD01}</UniqueIdentifier>
      <Extensions>rc;ico;cur;bmp;dlg;rc2;rct;bin;rgs;gif;jpg;jpeg;jpe;resx;tiff;tif;png;wav;mfcribbon-ms</Extensions>
    </Filter>
  </ItemGroup>
  <ItemGroup>
    <ClCompile Include="Game.cpp">
      <Filter>Исходные файлы</Filter>
    </ClCompile>
    <ClCompile Include="MySuper3DApp.cpp">
      <Filter>Исходные файлы</Filter>
    </ClCompile>
    <ClCompile Include="Game\Window\GameWindow.cpp">
      <Filter>Исходные файлы</Filter>
    </ClCompile>
    <ClCompile Include="Game\Graphics\Shader.cpp">
      <Filter>Исходные файлы</Filter>
    </ClCompile>
    <ClCompile Include="Game\Window\Components\RenderView.cpp">
      <Filter>Исходные файлы</Filter>
    </ClCompile>
    <ClCompile Include="Game\GameHandle.cpp">
      <Filter>Исходные файлы</Filter>
    </ClCompile>
    <ClCompile Include="Game\Window\Components\DebugWindowText.cpp">
      <Filter>Исходные файлы</Filter>
    </ClCompile>
    <ClCompile Include="Game\GameObject.cpp">
      <Filter>Исходные файлы</Filter>
    </ClCompile>
    <ClCompile Include="Game\Components\ObjectComponent.cpp">
      <Filter>Исходные файлы</Filter>
    </ClCompile>
    <ClCompile Include="Game\Transform.cpp">
      <Filter>Исходные файлы</Filter>
    </ClCompile>
    <ClCompile Include="Game\ThirdParty\SimpleMath.cpp">
      <Filter>Исходные файлы</Filter>
    </ClCompile>
    <ClCompile Include="Game\ThirdParty\Input\Delegates.cpp">
      <Filter>Исходные файлы</Filter>
    </ClCompile>
    <ClCompile Include="Game\ThirdParty\Input\InputDevice.cpp">
      <Filter>Исходные файлы</Filter>
    </ClCompile>
    <ClCompile Include="Game\Components\Renderers\MeshRenderer.cpp">
      <Filter>Исходные файлы</Filter>
    </ClCompile>
    <ClCompile Include="Game\Scene.cpp">
      <Filter>Исходные файлы</Filter>
    </ClCompile>
    <ClCompile Include="Game\DefaultObjects\SimpleBallObject.cpp">
      <Filter>Исходные файлы</Filter>
    </ClCompile>
    <ClCompile Include="Game\Components\MovingBallComponent.cpp">
      <Filter>Исходные файлы</Filter>
    </ClCompile>
    <ClCompile Include="Game\Components\WallComponent.cpp">
      <Filter>Исходные файлы</Filter>
    </ClCompile>
    <ClCompile Include="Game\DefaultObjects\SimpleWallObject.cpp">
      <Filter>Исходные файлы</Filter>
    </ClCompile>
    <ClCompile Include="Game\Components\MovingPlatform.cpp">
      <Filter>Исходные файлы</Filter>
    </ClCompile>
    <ClCompile Include="Game\DefaultObjects\SimplePlayerPlatform.cpp">
      <Filter>Исходные файлы</Filter>
    </ClCompile>
    <ClCompile Include="Game\Components\CameraComponent.cpp">
      <Filter>Исходные файлы</Filter>
    </ClCompile>
    <ClCompile Include="Game\Components\InputCameraComponent.cpp">
      <Filter>Исходные файлы</Filter>
    </ClCompile>
    <ClCompile Include="Game\Components\ObjectRotator.cpp">
      <Filter>Исходные файлы</Filter>
    </ClCompile>
    <ClCompile Include="Game\Components\RotateAroundComponent.cpp">
      <Filter>Исходные файлы</Filter>
    </ClCompile>
    <ClCompile Include="Game\Components\CameraPointsAttachment.cpp">
      <Filter>Исходные файлы</Filter>
    </ClCompile>
    <ClCompile Include="Game\Components\KatamariMovement.cpp">
      <Filter>Исходные файлы</Filter>
    </ClCompile>
    <ClCompile Include="Game\Components\KatamariObject.cpp">
      <Filter>Исходные файлы</Filter>
    </ClCompile>
    <ClCompile Include="Game\Components\KatamariObjectCapture.cpp">
      <Filter>Исходные файлы</Filter>
    </ClCompile>
    <ClCompile Include="Game\DefaultObjects\SimpleKatamariObject.h">
      <Filter>Исходные файлы</Filter>
    </ClCompile>
    <ClCompile Include="Game\Graphics\Tools\FbxMeshImporter.cpp">
      <Filter>Исходные файлы</Filter>
    </ClCompile>
    <ClCompile Include="Game\ThirdParty\DDSTextureLoader.cpp">
      <Filter>Исходные файлы</Filter>
    </ClCompile>
    <ClCompile Include="Game\ThirdParty\WICTextureLoader.cpp">
      <Filter>Исходные файлы</Filter>
    </ClCompile>
    <ClCompile Include="Game\Graphics\Tools\TextureImporter.cpp">
      <Filter>Исходные файлы</Filter>
    </ClCompile>
    <ClCompile Include="Game\Graphics\Shaders\TextureShader.cpp">
      <Filter>Исходные файлы</Filter>
    </ClCompile>
    <ClCompile Include="Game\Components\Renderers\TextureMeshRenderer.cpp">
      <Filter>Исходные файлы</Filter>
    </ClCompile>
    <ClCompile Include="Game\Assets\Texture.cpp">
      <Filter>Исходные файлы</Filter>
    </ClCompile>
    <ClCompile Include="Game\Graphics\Shaders\TextureLightedShader.cpp">
      <Filter>Исходные файлы</Filter>
    </ClCompile>
    <ClCompile Include="Game\Components\Renderers\LightedTextureMeshRenderer.cpp">
      <Filter>Исходные файлы</Filter>
    </ClCompile>
    <ClCompile Include="Game\Components\Light\DirectionLight.cpp">
      <Filter>Исходные файлы</Filter>
    </ClCompile>
  </ItemGroup>
  <ItemGroup>
    <None Include="Shaders\MyVeryFirstShader.hlsl">
      <Filter>Файлы ресурсов</Filter>
    </None>
    <None Include="Game\ThirdParty\SimpleMath.inl">
      <Filter>Файлы заголовков</Filter>
    </None>
    <None Include="assimp\color4.inl">
      <Filter>Файлы заголовков</Filter>
    </None>
    <None Include="assimp\config.h.in" />
    <None Include="assimp\material.inl">
      <Filter>Файлы заголовков</Filter>
    </None>
    <None Include="assimp\matrix3x3.inl">
      <Filter>Файлы заголовков</Filter>
    </None>
    <None Include="assimp\matrix4x4.inl">
      <Filter>Файлы заголовков</Filter>
    </None>
    <None Include="assimp\quaternion.inl">
      <Filter>Файлы заголовков</Filter>
    </None>
    <None Include="assimp\SmoothingGroups.inl">
      <Filter>Файлы заголовков</Filter>
    </None>
    <None Include="assimp\vector2.inl">
      <Filter>Файлы заголовков</Filter>
    </None>
    <None Include="assimp\vector3.inl">
      <Filter>Файлы заголовков</Filter>
    </None>
  </ItemGroup>
  <ItemGroup>
    <ClInclude Include="Game.h">
      <Filter>Файлы заголовков</Filter>
    </ClInclude>
    <ClInclude Include="Game\Window\GameWindow.h">
      <Filter>Файлы заголовков</Filter>
    </ClInclude>
    <ClInclude Include="Game\Graphics\Shader.h">
      <Filter>Файлы заголовков</Filter>
    </ClInclude>
    <ClInclude Include="Game\Window\Components\RenderView.h">
      <Filter>Файлы заголовков</Filter>
    </ClInclude>
    <ClInclude Include="Game\GameHandle.h">
      <Filter>Файлы заголовков</Filter>
    </ClInclude>
    <ClInclude Include="Game\Window\Components\DebugWindowText.h">
      <Filter>Файлы заголовков</Filter>
    </ClInclude>
    <ClInclude Include="Game\Window\Components\GameWindowComponent.h">
      <Filter>Файлы заголовков</Filter>
    </ClInclude>
    <ClInclude Include="Game\Graphics\RenderObject.h">
      <Filter>Файлы заголовков</Filter>
    </ClInclude>
    <ClInclude Include="Game\Graphics\Mesh.h">
      <Filter>Файлы заголовков</Filter>
    </ClInclude>
    <ClInclude Include="Game\GameObject.h">
      <Filter>Файлы заголовков</Filter>
    </ClInclude>
    <ClInclude Include="Game\Components\ObjectComponent.h">
      <Filter>Файлы заголовков</Filter>
    </ClInclude>
    <ClInclude Include="Game\Transform.h">
      <Filter>Файлы заголовков</Filter>
    </ClInclude>
    <ClInclude Include="Game\ThirdParty\pch.h">
      <Filter>Файлы заголовков</Filter>
    </ClInclude>
    <ClInclude Include="Game\ThirdParty\SimpleMath.h">
      <Filter>Файлы заголовков</Filter>
    </ClInclude>
    <ClInclude Include="Game\ThirdParty\Input\Delegates.h">
      <Filter>Файлы заголовков</Filter>
    </ClInclude>
    <ClInclude Include="Game\ThirdParty\Input\InputDevice.h">
      <Filter>Файлы заголовков</Filter>
    </ClInclude>
    <ClInclude Include="Game\ThirdParty\Input\Keys.h">
      <Filter>Файлы заголовков</Filter>
    </ClInclude>
    <ClInclude Include="Game\Components\Renderers\MeshRenderer.h">
      <Filter>Файлы заголовков</Filter>
    </ClInclude>
    <ClInclude Include="Game\Graphics\DefaultMesh\DefaultRectangle.h">
      <Filter>Файлы заголовков</Filter>
    </ClInclude>
    <ClInclude Include="Game\Scene.h">
      <Filter>Файлы заголовков</Filter>
    </ClInclude>
    <ClInclude Include="Game\DefaultObjects\SimpleBallObject.h">
      <Filter>Файлы заголовков</Filter>
    </ClInclude>
    <ClInclude Include="Game\Components\MovingBallComponent.h">
      <Filter>Файлы заголовков</Filter>
    </ClInclude>
    <ClInclude Include="Game\Components\WallComponent.h">
      <Filter>Файлы заголовков</Filter>
    </ClInclude>
    <ClInclude Include="Game\DefaultObjects\SimpleWallObject.h">
      <Filter>Файлы заголовков</Filter>
    </ClInclude>
    <ClInclude Include="Game\Graphics\DefaultMesh\DefaultBall.h">
      <Filter>Файлы заголовков</Filter>
    </ClInclude>
    <ClInclude Include="Game\Components\MovingPlatform.h">
      <Filter>Файлы заголовков</Filter>
    </ClInclude>
    <ClInclude Include="Game\DefaultObjects\SimplePlayerPlatform.h">
      <Filter>Файлы заголовков</Filter>
    </ClInclude>
    <ClInclude Include="Game\Components\RoundWall.h">
      <Filter>Файлы заголовков</Filter>
    </ClInclude>
    <ClInclude Include="Game\Components\CameraComponent.h">
      <Filter>Файлы заголовков</Filter>
    </ClInclude>
    <ClInclude Include="Game\Components\InputCameraComponent.h">
      <Filter>Файлы заголовков</Filter>
    </ClInclude>
    <ClInclude Include="Game\Components\ObjectRotator.h">
      <Filter>Файлы заголовков</Filter>
    </ClInclude>
    <ClInclude Include="Game\Components\RotateAroundComponent.h">
      <Filter>Файлы заголовков</Filter>
    </ClInclude>
    <ClInclude Include="Game\DefaultObjects\BaseCameraObject.h">
      <Filter>Файлы заголовков</Filter>
    </ClInclude>
    <ClInclude Include="Game\DefaultObjects\SimpleCubeObject.h">
      <Filter>Файлы заголовков</Filter>
    </ClInclude>
    <ClInclude Include="Game\Graphics\DefaultMesh\DefaultSphere.h">
      <Filter>Файлы заголовков</Filter>
    </ClInclude>
    <ClInclude Include="Game\Graphics\DefaultMesh\DefaultCube.h">
      <Filter>Файлы заголовков</Filter>
    </ClInclude>
    <ClInclude Include="Game\DefaultObjects\EmptyRotatingPoint.h">
      <Filter>Файлы заголовков</Filter>
    </ClInclude>
    <ClInclude Include="Game\Components\CameraPointsAttachment.h">
      <Filter>Файлы заголовков</Filter>
    </ClInclude>
    <ClInclude Include="Game\Components\KatamariMovement.h">
      <Filter>Файлы заголовков</Filter>
    </ClInclude>
    <ClInclude Include="Game\DefaultObjects\KatamariBall.h">
      <Filter>Файлы заголовков</Filter>
    </ClInclude>
    <ClInclude Include="Game\Components\KatamariObject.h">
      <Filter>Файлы заголовков</Filter>
    </ClInclude>
    <ClInclude Include="Game\Components\KatamariObjectCapture.h">
      <Filter>Файлы заголовков</Filter>
    </ClInclude>
    <ClInclude Include="assimp\ai_assert.h">
      <Filter>Файлы заголовков</Filter>
    </ClInclude>
    <ClInclude Include="assimp\anim.h">
      <Filter>Файлы заголовков</Filter>
    </ClInclude>
    <ClInclude Include="assimp\BaseImporter.h">
      <Filter>Файлы заголовков</Filter>
    </ClInclude>
    <ClInclude Include="assimp\Bitmap.h">
      <Filter>Файлы заголовков</Filter>
    </ClInclude>
    <ClInclude Include="assimp\BlobIOSystem.h">
      <Filter>Файлы заголовков</Filter>
    </ClInclude>
    <ClInclude Include="assimp\ByteSwapper.h">
      <Filter>Файлы заголовков</Filter>
    </ClInclude>
    <ClInclude Include="assimp\camera.h">
      <Filter>Файлы заголовков</Filter>
    </ClInclude>
    <ClInclude Include="assimp\cexport.h">
      <Filter>Файлы заголовков</Filter>
    </ClInclude>
    <ClInclude Include="assimp\cfileio.h">
      <Filter>Файлы заголовков</Filter>
    </ClInclude>
    <ClInclude Include="assimp\cimport.h">
      <Filter>Файлы заголовков</Filter>
    </ClInclude>
    <ClInclude Include="assimp\color4.h">
      <Filter>Файлы заголовков</Filter>
    </ClInclude>
    <ClInclude Include="assimp\config.h">
      <Filter>Файлы заголовков</Filter>
    </ClInclude>
    <ClInclude Include="assimp\CreateAnimMesh.h">
      <Filter>Файлы заголовков</Filter>
    </ClInclude>
    <ClInclude Include="assimp\DefaultIOStream.h">
      <Filter>Файлы заголовков</Filter>
    </ClInclude>
    <ClInclude Include="assimp\DefaultIOSystem.h">
      <Filter>Файлы заголовков</Filter>
    </ClInclude>
    <ClInclude Include="assimp\DefaultLogger.hpp">
      <Filter>Файлы заголовков</Filter>
    </ClInclude>
    <ClInclude Include="assimp\Defines.h">
      <Filter>Файлы заголовков</Filter>
    </ClInclude>
    <ClInclude Include="assimp\defs.h">
      <Filter>Файлы заголовков</Filter>
    </ClInclude>
    <ClInclude Include="assimp\Exceptional.h">
      <Filter>Файлы заголовков</Filter>
    </ClInclude>
    <ClInclude Include="assimp\Exporter.hpp">
      <Filter>Файлы заголовков</Filter>
    </ClInclude>
    <ClInclude Include="assimp\fast_atof.h">
      <Filter>Файлы заголовков</Filter>
    </ClInclude>
    <ClInclude Include="assimp\GenericProperty.h">
      <Filter>Файлы заголовков</Filter>
    </ClInclude>
    <ClInclude Include="assimp\Hash.h">
      <Filter>Файлы заголовков</Filter>
    </ClInclude>
    <ClInclude Include="assimp\Importer.hpp">
      <Filter>Файлы заголовков</Filter>
    </ClInclude>
    <ClInclude Include="assimp\importerdesc.h">
      <Filter>Файлы заголовков</Filter>
    </ClInclude>
    <ClInclude Include="assimp\IOStream.hpp">
      <Filter>Файлы заголовков</Filter>
    </ClInclude>
    <ClInclude Include="assimp\IOStreamBuffer.h">
      <Filter>Файлы заголовков</Filter>
    </ClInclude>
    <ClInclude Include="assimp\IOSystem.hpp">
      <Filter>Файлы заголовков</Filter>
    </ClInclude>
    <ClInclude Include="assimp\irrXMLWrapper.h">
      <Filter>Файлы заголовков</Filter>
    </ClInclude>
    <ClInclude Include="assimp\light.h">
      <Filter>Файлы заголовков</Filter>
    </ClInclude>
    <ClInclude Include="assimp\LineSplitter.h">
      <Filter>Файлы заголовков</Filter>
    </ClInclude>
    <ClInclude Include="assimp\LogAux.h">
      <Filter>Файлы заголовков</Filter>
    </ClInclude>
    <ClInclude Include="assimp\Logger.hpp">
      <Filter>Файлы заголовков</Filter>
    </ClInclude>
    <ClInclude Include="assimp\LogStream.hpp">
      <Filter>Файлы заголовков</Filter>
    </ClInclude>
    <ClInclude Include="assimp\Macros.h">
      <Filter>Файлы заголовков</Filter>
    </ClInclude>
    <ClInclude Include="assimp\material.h">
      <Filter>Файлы заголовков</Filter>
    </ClInclude>
    <ClInclude Include="assimp\MathFunctions.h">
      <Filter>Файлы заголовков</Filter>
    </ClInclude>
    <ClInclude Include="assimp\matrix3x3.h">
      <Filter>Файлы заголовков</Filter>
    </ClInclude>
    <ClInclude Include="assimp\matrix4x4.h">
      <Filter>Файлы заголовков</Filter>
    </ClInclude>
    <ClInclude Include="assimp\MemoryIOWrapper.h">
      <Filter>Файлы заголовков</Filter>
    </ClInclude>
    <ClInclude Include="assimp\mesh.h">
      <Filter>Файлы заголовков</Filter>
    </ClInclude>
    <ClInclude Include="assimp\metadata.h">
      <Filter>Файлы заголовков</Filter>
    </ClInclude>
    <ClInclude Include="assimp\NullLogger.hpp">
      <Filter>Файлы заголовков</Filter>
    </ClInclude>
    <ClInclude Include="assimp\ParsingUtils.h">
      <Filter>Файлы заголовков</Filter>
    </ClInclude>
    <ClInclude Include="assimp\pbrmaterial.h">
      <Filter>Файлы заголовков</Filter>
    </ClInclude>
    <ClInclude Include="assimp\postprocess.h">
      <Filter>Файлы заголовков</Filter>
    </ClInclude>
    <ClInclude Include="assimp\Profiler.h">
      <Filter>Файлы заголовков</Filter>
    </ClInclude>
    <ClInclude Include="assimp\ProgressHandler.hpp">
      <Filter>Файлы заголовков</Filter>
    </ClInclude>
    <ClInclude Include="assimp\qnan.h">
      <Filter>Файлы заголовков</Filter>
    </ClInclude>
    <ClInclude Include="assimp\quaternion.h">
      <Filter>Файлы заголовков</Filter>
    </ClInclude>
    <ClInclude Include="assimp\RemoveComments.h">
      <Filter>Файлы заголовков</Filter>
    </ClInclude>
    <ClInclude Include="assimp\scene.h">
      <Filter>Файлы заголовков</Filter>
    </ClInclude>
    <ClInclude Include="assimp\SceneCombiner.h">
      <Filter>Файлы заголовков</Filter>
    </ClInclude>
    <ClInclude Include="assimp\SGSpatialSort.h">
      <Filter>Файлы заголовков</Filter>
    </ClInclude>
    <ClInclude Include="assimp\SkeletonMeshBuilder.h">
      <Filter>Файлы заголовков</Filter>
    </ClInclude>
    <ClInclude Include="assimp\SmoothingGroups.h">
      <Filter>Файлы заголовков</Filter>
    </ClInclude>
    <ClInclude Include="assimp\SpatialSort.h">
      <Filter>Файлы заголовков</Filter>
    </ClInclude>
    <ClInclude Include="assimp\StandardShapes.h">
      <Filter>Файлы заголовков</Filter>
    </ClInclude>
    <ClInclude Include="assimp\StreamReader.h">
      <Filter>Файлы заголовков</Filter>
    </ClInclude>
    <ClInclude Include="assimp\StreamWriter.h">
      <Filter>Файлы заголовков</Filter>
    </ClInclude>
    <ClInclude Include="assimp\StringComparison.h">
      <Filter>Файлы заголовков</Filter>
    </ClInclude>
    <ClInclude Include="assimp\StringUtils.h">
      <Filter>Файлы заголовков</Filter>
    </ClInclude>
    <ClInclude Include="assimp\Subdivision.h">
      <Filter>Файлы заголовков</Filter>
    </ClInclude>
    <ClInclude Include="assimp\texture.h">
      <Filter>Файлы заголовков</Filter>
    </ClInclude>
    <ClInclude Include="assimp\TinyFormatter.h">
      <Filter>Файлы заголовков</Filter>
    </ClInclude>
    <ClInclude Include="assimp\types.h">
      <Filter>Файлы заголовков</Filter>
    </ClInclude>
    <ClInclude Include="assimp\vector2.h">
      <Filter>Файлы заголовков</Filter>
    </ClInclude>
    <ClInclude Include="assimp\vector3.h">
      <Filter>Файлы заголовков</Filter>
    </ClInclude>
    <ClInclude Include="assimp\version.h">
      <Filter>Файлы заголовков</Filter>
    </ClInclude>
    <ClInclude Include="assimp\Vertex.h">
      <Filter>Файлы заголовков</Filter>
    </ClInclude>
    <ClInclude Include="assimp\XMLTools.h">
      <Filter>Файлы заголовков</Filter>
    </ClInclude>
    <ClInclude Include="assimp\Compiler\pstdint.h">
      <Filter>Файлы заголовков</Filter>
    </ClInclude>
    <ClInclude Include="assimp\Compiler\pushpack1.h">
      <Filter>Файлы заголовков</Filter>
    </ClInclude>
    <ClInclude Include="Game\Graphics\Tools\FbxMeshImporter.h">
      <Filter>Файлы заголовков</Filter>
    </ClInclude>
    <ClInclude Include="Game\ThirdParty\DDSTextureLoader.h">
      <Filter>Файлы заголовков</Filter>
    </ClInclude>
    <ClInclude Include="Game\ThirdParty\WICTextureLoader.h">
      <Filter>Файлы заголовков</Filter>
    </ClInclude>
    <ClInclude Include="Game\ThirdParty\Textures\DDS.h">
      <Filter>Файлы заголовков</Filter>
    </ClInclude>
    <ClInclude Include="Game\ThirdParty\Textures\DDSTextureLoader.h">
      <Filter>Файлы заголовков</Filter>
    </ClInclude>
    <ClInclude Include="Game\ThirdParty\Textures\WICTextureLoader.h">
      <Filter>Файлы заголовков</Filter>
    </ClInclude>
    <ClInclude Include="Game\ThirdParty\Textures\pch.h">
      <Filter>Файлы заголовков</Filter>
    </ClInclude>
    <ClInclude Include="Game\ThirdParty\DDS.h">
      <Filter>Файлы заголовков</Filter>
    </ClInclude>
    <ClInclude Include="Game\ThirdParty\LoaderHelpers.h">
      <Filter>Файлы заголовков</Filter>
    </ClInclude>
    <ClInclude Include="Game\ThirdParty\PlatformHelpers.h">
      <Filter>Файлы заголовков</Filter>
    </ClInclude>
    <ClInclude Include="Game\ThirdParty\DirectXHelpers.h">
      <Filter>Файлы заголовков</Filter>
    </ClInclude>
    <ClInclude Include="Game\Graphics\Tools\TextureImporter.h">
      <Filter>Файлы заголовков</Filter>
    </ClInclude>
    <ClInclude Include="Game\Graphics\Shaders\TextureShader.h">
      <Filter>Файлы заголовков</Filter>
    </ClInclude>
    <ClInclude Include="Game\Components\Renderers\TextureMeshRenderer.h">
      <Filter>Файлы заголовков</Filter>
    </ClInclude>
    <ClInclude Include="Game\Assets\Texture.h">
      <Filter>Файлы заголовков</Filter>
    </ClInclude>
    <ClInclude Include="Game\Graphics\DefaultMesh\DefaultTexturedCube.h">
      <Filter>Файлы заголовков</Filter>
    </ClInclude>
    <ClInclude Include="Game\DefaultObjects\TexturedKatamariBall.h">
      <Filter>Файлы заголовков</Filter>
    </ClInclude>
    <ClInclude Include="Game\Graphics\Shaders\TextureLightedShader.h">
      <Filter>Файлы заголовков</Filter>
    </ClInclude>
    <ClInclude Include="Game\Components\Renderers\LightedTextureMeshRenderer.h">
      <Filter>Файлы заголовков</Filter>
    </ClInclude>
    <ClInclude Include="Game\Components\Renderers\ConstantBuffers.h">
      <Filter>Файлы заголовков</Filter>
    </ClInclude>
    <ClInclude Include="Game\Components\Light\DirectionLight.h">
      <Filter>Файлы заголовков</Filter>
    </ClInclude>
    <ClInclude Include="Game\DefaultObjects\DirectionLightObject.h">
      <Filter>Файлы заголовков</Filter>
    </ClInclude>
    <ClInclude Include="Game\DefaultObjects\TexturedLightedKatamariBall.h">
      <Filter>Файлы заголовков</Filter>
    </ClInclude>
  </ItemGroup>
  <ItemGroup>
    <Natvis Include="Game\ThirdParty\Input\Delegates.natvis" />
  </ItemGroup>
  <ItemGroup>
    <Library Include="Libs\Any\assimp-vc140-mt.lib" />
  </ItemGroup>
</Project>